
Microsoft Visual Studio Solution File, Format Version 12.00
# Visual Studio Version 17
VisualStudioVersion = 17.8.34511.84
MinimumVisualStudioVersion = 10.0.40219.1
Project("{9A19103F-16F7-4668-BE54-9A1E7A4F7556}") = "Ticket.Domain", "Ticket.Domain\Ticket.Domain.csproj", "{1613C480-1E99-49D9-B377-F67072463027}"
EndProject
Project("{FAE04EC0-301F-11D3-BF4B-00C04F79EFBC}") = "Ticket.Infrastructure", "Ticket.Infrastructure\Ticket.Infrastructure.csproj", "{9DCFA5CC-06AD-414A-874D-1537486A40DA}"
EndProject
Global
	GlobalSection(SolutionConfigurationPlatforms) = preSolution
		Debug|Any CPU = Debug|Any CPU
		Release|Any CPU = Release|Any CPU
	EndGlobalSection
	GlobalSection(ProjectConfigurationPlatforms) = postSolution
		{1613C480-1E99-49D9-B377-F67072463027}.Debug|Any CPU.ActiveCfg = Debug|Any CPU
		{1613C480-1E99-49D9-B377-F67072463027}.Debug|Any CPU.Build.0 = Debug|Any CPU
		{1613C480-1E99-49D9-B377-F67072463027}.Release|Any CPU.ActiveCfg = Release|Any CPU
		{1613C480-1E99-49D9-B377-F67072463027}.Release|Any CPU.Build.0 = Release|Any CPU
		{9DCFA5CC-06AD-414A-874D-1537486A40DA}.Debug|Any CPU.ActiveCfg = Debug|Any CPU
		{9DCFA5CC-06AD-414A-874D-1537486A40DA}.Debug|Any CPU.Build.0 = Debug|Any CPU
		{9DCFA5CC-06AD-414A-874D-1537486A40DA}.Release|Any CPU.ActiveCfg = Release|Any CPU
		{9DCFA5CC-06AD-414A-874D-1537486A40DA}.Release|Any CPU.Build.0 = Release|Any CPU
	EndGlobalSection
	GlobalSection(SolutionProperties) = preSolution
		HideSolutionNode = FALSE
	EndGlobalSection
	GlobalSection(ExtensibilityGlobals) = postSolution
		SolutionGuid = {81E01D22-B602-403F-ADCD-714CB2826CD5}
	EndGlobalSection
EndGlobal
